PODS:
  - Alamofire (5.0.0-rc.2)
  - AlamofireObjectMapper (6.2.0):
    - Alamofire (= 5.0.0-rc.2)
    - ObjectMapper (~> 3.5.1)
  - IQKeyboardCore (1.0.5)
  - IQKeyboardManagerSwift (7.2.0):
    - IQKeyboardManagerSwift/Appearance (= 7.2.0)
    - IQKeyboardManagerSwift/Core (= 7.2.0)
    - IQKeyboardManagerSwift/IQKeyboardReturnKeyHandler (= 7.2.0)
    - IQKeyboardManagerSwift/IQKeyboardToolbarManager (= 7.2.0)
    - IQKeyboardManagerSwift/IQTextView (= 7.2.0)
    - IQKeyboardManagerSwift/Resign (= 7.2.0)
    - IQKeyboardNotification (= 1.0.3)
    - IQTextInputViewNotification (= 1.0.5)
  - IQKeyboardManagerSwift/Appearance (7.2.0):
    - IQKeyboardManagerSwift/Core
    - IQKeyboardNotification (= 1.0.3)
    - IQTextInputViewNotification (= 1.0.5)
  - IQKeyboardManagerSwift/Core (7.2.0):
    - IQKeyboardNotification (= 1.0.3)
    - IQTextInputViewNotification (= 1.0.5)
  - IQKeyboardManagerSwift/IQKeyboardReturnKeyHandler (7.2.0):
    - IQKeyboardNotification (= 1.0.3)
    - IQTextInputViewNotification (= 1.0.5)
  - IQKeyboardManagerSwift/IQKeyboardToolbarManager (7.2.0):
    - IQKeyboardManagerSwift/Core
    - IQKeyboardManagerSwift/IQKeyboardToolbarManager/IQKeyboardToolbar (= 7.2.0)
    - IQKeyboardNotification (= 1.0.3)
    - IQTextInputViewNotification (= 1.0.5)
  - IQKeyboardManagerSwift/IQKeyboardToolbarManager/IQKeyboardToolbar (7.2.0):
    - IQKeyboardManagerSwift/Core
    - IQKeyboardNotification (= 1.0.3)
    - IQTextInputViewNotification (= 1.0.5)
  - IQKeyboardManagerSwift/IQTextView (7.2.0):
    - IQKeyboardManagerSwift/IQKeyboardToolbarManager/IQKeyboardToolbar
    - IQKeyboardNotification (= 1.0.3)
    - IQTextInputViewNotification (= 1.0.5)
  - IQKeyboardManagerSwift/Resign (7.2.0):
    - IQKeyboardManagerSwift/Core
    - IQKeyboardNotification (= 1.0.3)
    - IQTextInputViewNotification (= 1.0.5)
  - IQKeyboardNotification (1.0.3)
  - IQTextInputViewNotification (1.0.5):
    - IQKeyboardCore (= 1.0.5)
  - KRActivityIndicatorView (3.0.8)
  - KRProgressHUD (3.4.8):
    - KRActivityIndicatorView (= 3.0.8)
  - ObjectMapper (3.5.3)
  - SDWebImage (5.19.7):
    - SDWebImage/Core (= 5.19.7)
  - SDWebImage/Core (5.19.7)
  - SwiftGen (6.6.3)
  - Toast-Swift (5.1.1)

DEPENDENCIES:
  - AlamofireObjectMapper
  - IQKeyboardManagerSwift
  - KRProgressHUD
  - SDWebImage
  - SwiftGen
  - Toast-Swift

SPEC REPOS:
  trunk:
    - Alamofire
    - AlamofireObjectMapper
    - IQKeyboardCore
    - IQKeyboardManagerSwift
    - IQKeyboardNotification
    - IQTextInputViewNotification
    - KRActivityIndicatorView
    - KRProgressHUD
    - ObjectMapper
    - SDWebImage
    - SwiftGen
    - Toast-Swift

SPEC CHECKSUMS:
  Alamofire: f9450d3c7f6bea2ad62e7a541c3e9b186c7991d6
  AlamofireObjectMapper: 74d1440c92c42bbcc2b5f4dc81654ac095ec669f
  IQKeyboardCore: 28c8bf3bcd8ba5aa1570b318cbc4da94b861711e
  IQKeyboardManagerSwift: 12d6ae3632ef744ccd033c048b566af13cc10d49
  IQKeyboardNotification: d7382c4466c5a5adef92c7452ebf861b36050088
  IQTextInputViewNotification: 4381fb828881983205fbee38f17da8a9fe2e835c
  KRActivityIndicatorView: c5c503bf56e54834382dd926b64ff47287ca0006
  KRProgressHUD: d0fb4e72428d312eb6966e84c543ea58fb1efbc7
  ObjectMapper: 97111c97e054a6ee25917662106689f0b4127b37
  SDWebImage: 8a6b7b160b4d710e2a22b6900e25301075c34cb3
  SwiftGen: 4993cbf71cbc4886f775e26f8d5c3a1188ec9f99
  Toast-Swift: 7a03a532afe3a560d4044bc7c237e2864d295173

PODFILE CHECKSUM: c5e7657f35d922c9e81d825536c17acb58e38c54

COCOAPODS: 1.16.2
